// !$*UTF8*$!
{
	archiveVersion = 1;
	classes = {
	};
	objectVersion = 55;
	objects = {

/* Begin PBXBuildFile section */
		21ED160D28D215810037CF17 /* ResultView.swift in Sources */ = {isa = PBXBuildFile; fileRef = 21ED160C28D215810037CF17 /* ResultView.swift */; };
		21ED161128D216A40037CF17 /* CreditView.swift in Sources */ = {isa = PBXBuildFile; fileRef = 21ED161028D216A40037CF17 /* CreditView.swift */; };
		3284738A28B4C15100BF498D /* FinalGameProcessingView.swift in Sources */ = {isa = PBXBuildFile; fileRef = 3284738928B4C15100BF498D /* FinalGameProcessingView.swift */; };
		3296D0A92892BDE3001C1847 /* HorseRaceApp.swift in Sources */ = {isa = PBXBuildFile; fileRef = 3296D0A82892BDE3001C1847 /* HorseRaceApp.swift */; };
		3296D0AB2892BDE3001C1847 /* ContentView.swift in Sources */ = {isa = PBXBuildFile; fileRef = 3296D0AA2892BDE3001C1847 /* ContentView.swift */; };
		3296D0AD2892BDE4001C1847 /* Assets.xcassets in Resources */ = {isa = PBXBuildFile; fileRef = 3296D0AC2892BDE4001C1847 /* Assets.xcassets */; };
		3296D0B02892BDE4001C1847 /* Preview Assets.xcassets in Resources */ = {isa = PBXBuildFile; fileRef = 3296D0AF2892BDE4001C1847 /* Preview Assets.xcassets */; };
		3296D0BA2892BDE4001C1847 /* HorseRaceTests.swift in Sources */ = {isa = PBXBuildFile; fileRef = 3296D0B92892BDE4001C1847 /* HorseRaceTests.swift */; };
		3296D0C42892BDE4001C1847 /* HorseRaceUITests.swift in Sources */ = {isa = PBXBuildFile; fileRef = 3296D0C32892BDE4001C1847 /* HorseRaceUITests.swift */; };
		3296D0C62892BDE4001C1847 /* HorseRaceUITestsLaunchTests.swift in Sources */ = {isa = PBXBuildFile; fileRef = 3296D0C52892BDE4001C1847 /* HorseRaceUITestsLaunchTests.swift */; };
		32E19A3828D31E70007EF964 /* startButtonSound.wav in Resources */ = {isa = PBXBuildFile; fileRef = 32E19A3528D31E70007EF964 /* startButtonSound.wav */; };
		32E19A3928D31E70007EF964 /* negativeSound.wav in Resources */ = {isa = PBXBuildFile; fileRef = 32E19A3628D31E70007EF964 /* negativeSound.wav */; };
		32E19A3A28D31E70007EF964 /* changeSound.wav in Resources */ = {isa = PBXBuildFile; fileRef = 32E19A3728D31E70007EF964 /* changeSound.wav */; };
		32E19A3C28D32FB5007EF964 /* MA_JingleRepublic_TrendyJumpingYouth_Main.wav in Resources */ = {isa = PBXBuildFile; fileRef = 32E19A3B28D32FB5007EF964 /* MA_JingleRepublic_TrendyJumpingYouth_Main.wav */; };
		A39FCEAD28C5ECE30078E19F /* GameStartView.swift in Sources */ = {isa = PBXBuildFile; fileRef = A39FCEAC28C5ECE30078E19F /* GameStartView.swift */; };
		A3E0FD4228D5AC3800E48092 /* Launch Screen.storyboard in Resources */ = {isa = PBXBuildFile; fileRef = A3E0FD4128D5AC3800E48092 /* Launch Screen.storyboard */; };
		B984828F28B8434F0087457C /* horse5Images.atlas in Resources */ = {isa = PBXBuildFile; fileRef = B984828928B8434F0087457C /* horse5Images.atlas */; };
		B984829028B8434F0087457C /* horse6Images.atlas in Resources */ = {isa = PBXBuildFile; fileRef = B984828A28B8434F0087457C /* horse6Images.atlas */; };
		B984829128B8434F0087457C /* horse3Images.atlas in Resources */ = {isa = PBXBuildFile; fileRef = B984828B28B8434F0087457C /* horse3Images.atlas */; };
		B984829228B8434F0087457C /* horse1Images.atlas in Resources */ = {isa = PBXBuildFile; fileRef = B984828C28B8434F0087457C /* horse1Images.atlas */; };
		B984829328B8434F0087457C /* horse2Images.atlas in Resources */ = {isa = PBXBuildFile; fileRef = B984828D28B8434F0087457C /* horse2Images.atlas */; };
		B984829428B8434F0087457C /* horse4Images.atlas in Resources */ = {isa = PBXBuildFile; fileRef = B984828E28B8434F0087457C /* horse4Images.atlas */; };
		B98482F828CF6AD80087457C /* gameCountdownSound.wav in Resources */ = {isa = PBXBuildFile; fileRef = B98482F728CF6AD80087457C /* gameCountdownSound.wav */; };
		B98482FC28CF7E160087457C /* HorseGallop.m4a in Resources */ = {isa = PBXBuildFile; fileRef = B98482FB28CF7E160087457C /* HorseGallop.m4a */; };
		B9E1220328B3C5C400932AAE /* GameProcessingView.swift in Sources */ = {isa = PBXBuildFile; fileRef = B9E1220228B3C5C400932AAE /* GameProcessingView.swift */; };
		CC2F8D6428D34557003C8F3F /* EndParticles.swift in Sources */ = {isa = PBXBuildFile; fileRef = CC2F8D6328D34557003C8F3F /* EndParticles.swift */; };
		CC585C6528D2C56C000DC4A7 /* SoundSetting.swift in Sources */ = {isa = PBXBuildFile; fileRef = CC585C6428D2C56C000DC4A7 /* SoundSetting.swift */; };
		CCFCB56228D3486D00F611B0 /* endParticle.sks in Resources */ = {isa = PBXBuildFile; fileRef = CCFCB56128D3486D00F611B0 /* endParticle.sks */; };
/* End PBXBuildFile section */

/* Begin PBXContainerItemProxy section */
		3296D0B62892BDE4001C1847 /* PBXContainerItemProxy */ = {
			isa = PBXContainerItemProxy;
			containerPortal = 3296D09D2892BDE3001C1847 /* Project object */;
			proxyType = 1;
			remoteGlobalIDString = 3296D0A42892BDE3001C1847;
			remoteInfo = HorseRace;
		};
		3296D0C02892BDE4001C1847 /* PBXContainerItemProxy */ = {
			isa = PBXContainerItemProxy;
			containerPortal = 3296D09D2892BDE3001C1847 /* Project object */;
			proxyType = 1;
			remoteGlobalIDString = 3296D0A42892BDE3001C1847;
			remoteInfo = HorseRace;
		};
/* End PBXContainerItemProxy section */

/* Begin PBXFileReference section */
		21ED160C28D215810037CF17 /* ResultView.swift */ = {isa = PBXFileReference; lastKnownFileType = sourcecode.swift; path = ResultView.swift; sourceTree = "<group>"; };
		21ED161028D216A40037CF17 /* CreditView.swift */ = {isa = PBXFileReference; lastKnownFileType = sourcecode.swift; path = CreditView.swift; sourceTree = "<group>"; };
		3284738928B4C15100BF498D /* FinalGameProcessingView.swift */ = {isa = PBXFileReference; lastKnownFileType = sourcecode.swift; path = FinalGameProcessingView.swift; sourceTree = "<group>"; };
		3296D0A52892BDE3001C1847 /* HorseRace.app */ = {isa = PBXFileReference; explicitFileType = wrapper.application; includeInIndex = 0; path = HorseRace.app; sourceTree = BUILT_PRODUCTS_DIR; };
		3296D0A82892BDE3001C1847 /* HorseRaceApp.swift */ = {isa = PBXFileReference; lastKnownFileType = sourcecode.swift; path = HorseRaceApp.swift; sourceTree = "<group>"; };
		3296D0AA2892BDE3001C1847 /* ContentView.swift */ = {isa = PBXFileReference; lastKnownFileType = sourcecode.swift; path = ContentView.swift; sourceTree = "<group>"; };
		3296D0AC2892BDE4001C1847 /* Assets.xcassets */ = {isa = PBXFileReference; lastKnownFileType = folder.assetcatalog; path = Assets.xcassets; sourceTree = "<group>"; };
		3296D0AF2892BDE4001C1847 /* Preview Assets.xcassets */ = {isa = PBXFileReference; lastKnownFileType = folder.assetcatalog; path = "Preview Assets.xcassets"; sourceTree = "<group>"; };
		3296D0B52892BDE4001C1847 /* HorseRaceTests.xctest */ = {isa = PBXFileReference; explicitFileType = wrapper.cfbundle; includeInIndex = 0; path = HorseRaceTests.xctest; sourceTree = BUILT_PRODUCTS_DIR; };
		3296D0B92892BDE4001C1847 /* HorseRaceTests.swift */ = {isa = PBXFileReference; lastKnownFileType = sourcecode.swift; path = HorseRaceTests.swift; sourceTree = "<group>"; };
		3296D0BF2892BDE4001C1847 /* HorseRaceUITests.xctest */ = {isa = PBXFileReference; explicitFileType = wrapper.cfbundle; includeInIndex = 0; path = HorseRaceUITests.xctest; sourceTree = BUILT_PRODUCTS_DIR; };
		3296D0C32892BDE4001C1847 /* HorseRaceUITests.swift */ = {isa = PBXFileReference; lastKnownFileType = sourcecode.swift; path = HorseRaceUITests.swift; sourceTree = "<group>"; };
		3296D0C52892BDE4001C1847 /* HorseRaceUITestsLaunchTests.swift */ = {isa = PBXFileReference; lastKnownFileType = sourcecode.swift; path = HorseRaceUITestsLaunchTests.swift; sourceTree = "<group>"; };
		32E19A3528D31E70007EF964 /* startButtonSound.wav */ = {isa = PBXFileReference; lastKnownFileType = audio.wav; path = startButtonSound.wav; sourceTree = "<group>"; };
		32E19A3628D31E70007EF964 /* negativeSound.wav */ = {isa = PBXFileReference; lastKnownFileType = audio.wav; path = negativeSound.wav; sourceTree = "<group>"; };
		32E19A3728D31E70007EF964 /* changeSound.wav */ = {isa = PBXFileReference; lastKnownFileType = audio.wav; path = changeSound.wav; sourceTree = "<group>"; };
		32E19A3B28D32FB5007EF964 /* MA_JingleRepublic_TrendyJumpingYouth_Main.wav */ = {isa = PBXFileReference; lastKnownFileType = audio.wav; path = MA_JingleRepublic_TrendyJumpingYouth_Main.wav; sourceTree = "<group>"; };
		A39FCEAC28C5ECE30078E19F /* GameStartView.swift */ = {isa = PBXFileReference; lastKnownFileType = sourcecode.swift; path = GameStartView.swift; sourceTree = "<group>"; };
		A3E0FD4128D5AC3800E48092 /* Launch Screen.storyboard */ = {isa = PBXFileReference; lastKnownFileType = file.storyboard; path = "Launch Screen.storyboard"; sourceTree = "<group>"; };
		B984828928B8434F0087457C /* horse5Images.atlas */ = {isa = PBXFileReference; lastKnownFileType = folder.skatlas; path = horse5Images.atlas; sourceTree = "<group>"; };
		B984828A28B8434F0087457C /* horse6Images.atlas */ = {isa = PBXFileReference; lastKnownFileType = folder.skatlas; path = horse6Images.atlas; sourceTree = "<group>"; };
		B984828B28B8434F0087457C /* horse3Images.atlas */ = {isa = PBXFileReference; lastKnownFileType = folder.skatlas; path = horse3Images.atlas; sourceTree = "<group>"; };
		B984828C28B8434F0087457C /* horse1Images.atlas */ = {isa = PBXFileReference; lastKnownFileType = folder.skatlas; path = horse1Images.atlas; sourceTree = "<group>"; };
		B984828D28B8434F0087457C /* horse2Images.atlas */ = {isa = PBXFileReference; lastKnownFileType = folder.skatlas; path = horse2Images.atlas; sourceTree = "<group>"; };
		B984828E28B8434F0087457C /* horse4Images.atlas */ = {isa = PBXFileReference; lastKnownFileType = folder.skatlas; path = horse4Images.atlas; sourceTree = "<group>"; };
		B98482F728CF6AD80087457C /* gameCountdownSound.wav */ = {isa = PBXFileReference; lastKnownFileType = audio.wav; path = gameCountdownSound.wav; sourceTree = "<group>"; };
		B98482FB28CF7E160087457C /* HorseGallop.m4a */ = {isa = PBXFileReference; lastKnownFileType = file; path = HorseGallop.m4a; sourceTree = "<group>"; };
		B9E1220228B3C5C400932AAE /* GameProcessingView.swift */ = {isa = PBXFileReference; lastKnownFileType = sourcecode.swift; path = GameProcessingView.swift; sourceTree = "<group>"; };
		CC2F8D6328D34557003C8F3F /* EndParticles.swift */ = {isa = PBXFileReference; lastKnownFileType = sourcecode.swift; path = EndParticles.swift; sourceTree = "<group>"; };
		CC585C6428D2C56C000DC4A7 /* SoundSetting.swift */ = {isa = PBXFileReference; lastKnownFileType = sourcecode.swift; path = SoundSetting.swift; sourceTree = "<group>"; };
		CCFCB56128D3486D00F611B0 /* endParticle.sks */ = {isa = PBXFileReference; lastKnownFileType = file.sks; path = endParticle.sks; sourceTree = "<group>"; };
/* End PBXFileReference section */

/* Begin PBXFrameworksBuildPhase section */
		3296D0A22892BDE3001C1847 /* Frameworks */ = {
			isa = PBXFrameworksBuildPhase;
			buildActionMask = 2147483647;
			files = (
			);
			runOnlyForDeploymentPostprocessing = 0;
		};
		3296D0B22892BDE4001C1847 /* Frameworks */ = {
			isa = PBXFrameworksBuildPhase;
			buildActionMask = 2147483647;
			files = (
			);
			runOnlyForDeploymentPostprocessing = 0;
		};
		3296D0BC2892BDE4001C1847 /* Frameworks */ = {
			isa = PBXFrameworksBuildPhase;
			buildActionMask = 2147483647;
			files = (
			);
			runOnlyForDeploymentPostprocessing = 0;
		};
/* End PBXFrameworksBuildPhase section */

/* Begin PBXGroup section */
		3296D09C2892BDE3001C1847 = {
			isa = PBXGroup;
			children = (
				3296D0A72892BDE3001C1847 /* HorseRace */,
				3296D0B82892BDE4001C1847 /* HorseRaceTests */,
				3296D0C22892BDE4001C1847 /* HorseRaceUITests */,
				3296D0A62892BDE3001C1847 /* Products */,
			);
			sourceTree = "<group>";
		};
		3296D0A62892BDE3001C1847 /* Products */ = {
			isa = PBXGroup;
			children = (
				3296D0A52892BDE3001C1847 /* HorseRace.app */,
				3296D0B52892BDE4001C1847 /* HorseRaceTests.xctest */,
				3296D0BF2892BDE4001C1847 /* HorseRaceUITests.xctest */,
			);
			name = Products;
			sourceTree = "<group>";
		};
		3296D0A72892BDE3001C1847 /* HorseRace */ = {
			isa = PBXGroup;
			children = (
				3296D0A82892BDE3001C1847 /* HorseRaceApp.swift */,
				3296D0AA2892BDE3001C1847 /* ContentView.swift */,
				21ED161028D216A40037CF17 /* CreditView.swift */,
				A39FCEAC28C5ECE30078E19F /* GameStartView.swift */,
				21ED160C28D215810037CF17 /* ResultView.swift */,
				B9E1220228B3C5C400932AAE /* GameProcessingView.swift */,
				3284738928B4C15100BF498D /* FinalGameProcessingView.swift */,
				CC585C6428D2C56C000DC4A7 /* SoundSetting.swift */,
				CC2F8D6328D34557003C8F3F /* EndParticles.swift */,
				CCFCB56128D3486D00F611B0 /* endParticle.sks */,
				B984829528B843610087457C /* Contents */,
				3296D0AC2892BDE4001C1847 /* Assets.xcassets */,
				3296D0AE2892BDE4001C1847 /* Preview Content */,
				A3E0FD4128D5AC3800E48092 /* Launch Screen.storyboard */,
			);
			path = HorseRace;
			sourceTree = "<group>";
		};
		3296D0AE2892BDE4001C1847 /* Preview Content */ = {
			isa = PBXGroup;
			children = (
				3296D0AF2892BDE4001C1847 /* Preview Assets.xcassets */,
			);
			path = "Preview Content";
			sourceTree = "<group>";
		};
		3296D0B82892BDE4001C1847 /* HorseRaceTests */ = {
			isa = PBXGroup;
			children = (
				3296D0B92892BDE4001C1847 /* HorseRaceTests.swift */,
			);
			path = HorseRaceTests;
			sourceTree = "<group>";
		};
		3296D0C22892BDE4001C1847 /* HorseRaceUITests */ = {
			isa = PBXGroup;
			children = (
				3296D0C32892BDE4001C1847 /* HorseRaceUITests.swift */,
				3296D0C52892BDE4001C1847 /* HorseRaceUITestsLaunchTests.swift */,
			);
			path = HorseRaceUITests;
			sourceTree = "<group>";
		};
		B984829528B843610087457C /* Contents */ = {
			isa = PBXGroup;
			children = (
				32E19A3B28D32FB5007EF964 /* MA_JingleRepublic_TrendyJumpingYouth_Main.wav */,
				32E19A3728D31E70007EF964 /* changeSound.wav */,
				32E19A3628D31E70007EF964 /* negativeSound.wav */,
				32E19A3528D31E70007EF964 /* startButtonSound.wav */,
				B98482F728CF6AD80087457C /* gameCountdownSound.wav */,
				B98482FB28CF7E160087457C /* HorseGallop.m4a */,
				B984828C28B8434F0087457C /* horse1Images.atlas */,
				B984828D28B8434F0087457C /* horse2Images.atlas */,
				B984828B28B8434F0087457C /* horse3Images.atlas */,
				B984828E28B8434F0087457C /* horse4Images.atlas */,
				B984828928B8434F0087457C /* horse5Images.atlas */,
				B984828A28B8434F0087457C /* horse6Images.atlas */,
			);
			path = Contents;
			sourceTree = "<group>";
		};
/* End PBXGroup section */

/* Begin PBXNativeTarget section */
		3296D0A42892BDE3001C1847 /* HorseRace */ = {
			isa = PBXNativeTarget;
			buildConfigurationList = 3296D0C92892BDE4001C1847 /* Build configuration list for PBXNativeTarget "HorseRace" */;
			buildPhases = (
				3296D0A12892BDE3001C1847 /* Sources */,
				3296D0A22892BDE3001C1847 /* Frameworks */,
				3296D0A32892BDE3001C1847 /* Resources */,
			);
			buildRules = (
			);
			dependencies = (
			);
			name = HorseRace;
			productName = HorseRace;
			productReference = 3296D0A52892BDE3001C1847 /* HorseRace.app */;
			productType = "com.apple.product-type.application";
		};
		3296D0B42892BDE4001C1847 /* HorseRaceTests */ = {
			isa = PBXNativeTarget;
			buildConfigurationList = 3296D0CC2892BDE4001C1847 /* Build configuration list for PBXNativeTarget "HorseRaceTests" */;
			buildPhases = (
				3296D0B12892BDE4001C1847 /* Sources */,
				3296D0B22892BDE4001C1847 /* Frameworks */,
				3296D0B32892BDE4001C1847 /* Resources */,
			);
			buildRules = (
			);
			dependencies = (
				3296D0B72892BDE4001C1847 /* PBXTargetDependency */,
			);
			name = HorseRaceTests;
			productName = HorseRaceTests;
			productReference = 3296D0B52892BDE4001C1847 /* HorseRaceTests.xctest */;
			productType = "com.apple.product-type.bundle.unit-test";
		};
		3296D0BE2892BDE4001C1847 /* HorseRaceUITests */ = {
			isa = PBXNativeTarget;
			buildConfigurationList = 3296D0CF2892BDE4001C1847 /* Build configuration list for PBXNativeTarget "HorseRaceUITests" */;
			buildPhases = (
				3296D0BB2892BDE4001C1847 /* Sources */,
				3296D0BC2892BDE4001C1847 /* Frameworks */,
				3296D0BD2892BDE4001C1847 /* Resources */,
			);
			buildRules = (
			);
			dependencies = (
				3296D0C12892BDE4001C1847 /* PBXTargetDependency */,
			);
			name = HorseRaceUITests;
			productName = HorseRaceUITests;
			productReference = 3296D0BF2892BDE4001C1847 /* HorseRaceUITests.xctest */;
			productType = "com.apple.product-type.bundle.ui-testing";
		};
/* End PBXNativeTarget section */

/* Begin PBXProject section */
		3296D09D2892BDE3001C1847 /* Project object */ = {
			isa = PBXProject;
			attributes = {
				BuildIndependentTargetsInParallel = 1;
				LastSwiftUpdateCheck = 1340;
				LastUpgradeCheck = 1340;
				TargetAttributes = {
					3296D0A42892BDE3001C1847 = {
						CreatedOnToolsVersion = 13.4.1;
					};
					3296D0B42892BDE4001C1847 = {
						CreatedOnToolsVersion = 13.4.1;
						TestTargetID = 3296D0A42892BDE3001C1847;
					};
					3296D0BE2892BDE4001C1847 = {
						CreatedOnToolsVersion = 13.4.1;
						TestTargetID = 3296D0A42892BDE3001C1847;
					};
				};
			};
			buildConfigurationList = 3296D0A02892BDE3001C1847 /* Build configuration list for PBXProject "HorseRace" */;
			compatibilityVersion = "Xcode 13.0";
			developmentRegion = en;
			hasScannedForEncodings = 0;
			knownRegions = (
				en,
				Base,
			);
			mainGroup = 3296D09C2892BDE3001C1847;
			productRefGroup = 3296D0A62892BDE3001C1847 /* Products */;
			projectDirPath = "";
			projectRoot = "";
			targets = (
				3296D0A42892BDE3001C1847 /* HorseRace */,
				3296D0B42892BDE4001C1847 /* HorseRaceTests */,
				3296D0BE2892BDE4001C1847 /* HorseRaceUITests */,
			);
		};
/* End PBXProject section */

/* Begin PBXResourcesBuildPhase section */
		3296D0A32892BDE3001C1847 /* Resources */ = {
			isa = PBXResourcesBuildPhase;
			buildActionMask = 2147483647;
			files = (
				B98482FC28CF7E160087457C /* HorseGallop.m4a in Resources */,
				B98482F828CF6AD80087457C /* gameCountdownSound.wav in Resources */,
				B984829328B8434F0087457C /* horse2Images.atlas in Resources */,
				B984829128B8434F0087457C /* horse3Images.atlas in Resources */,
				32E19A3828D31E70007EF964 /* startButtonSound.wav in Resources */,
				32E19A3928D31E70007EF964 /* negativeSound.wav in Resources */,
				B984829228B8434F0087457C /* horse1Images.atlas in Resources */,
				32E19A3A28D31E70007EF964 /* changeSound.wav in Resources */,
				CCFCB56228D3486D00F611B0 /* endParticle.sks in Resources */,
				B984828F28B8434F0087457C /* horse5Images.atlas in Resources */,
				A3E0FD4228D5AC3800E48092 /* Launch Screen.storyboard in Resources */,
				B984829428B8434F0087457C /* horse4Images.atlas in Resources */,
				B984829028B8434F0087457C /* horse6Images.atlas in Resources */,
				32E19A3C28D32FB5007EF964 /* MA_JingleRepublic_TrendyJumpingYouth_Main.wav in Resources */,
				3296D0B02892BDE4001C1847 /* Preview Assets.xcassets in Resources */,
				3296D0AD2892BDE4001C1847 /* Assets.xcassets in Resources */,
			);
			runOnlyForDeploymentPostprocessing = 0;
		};
		3296D0B32892BDE4001C1847 /* Resources */ = {
			isa = PBXResourcesBuildPhase;
			buildActionMask = 2147483647;
			files = (
			);
			runOnlyForDeploymentPostprocessing = 0;
		};
		3296D0BD2892BDE4001C1847 /* Resources */ = {
			isa = PBXResourcesBuildPhase;
			buildActionMask = 2147483647;
			files = (
			);
			runOnlyForDeploymentPostprocessing = 0;
		};
/* End PBXResourcesBuildPhase section */

/* Begin PBXSourcesBuildPhase section */
		3296D0A12892BDE3001C1847 /* Sources */ = {
			isa = PBXSourcesBuildPhase;
			buildActionMask = 2147483647;
			files = (
				CC2F8D6428D34557003C8F3F /* EndParticles.swift in Sources */,
				3284738A28B4C15100BF498D /* FinalGameProcessingView.swift in Sources */,
				A39FCEAD28C5ECE30078E19F /* GameStartView.swift in Sources */,
				CC585C6528D2C56C000DC4A7 /* SoundSetting.swift in Sources */,
				3296D0AB2892BDE3001C1847 /* ContentView.swift in Sources */,
				3296D0A92892BDE3001C1847 /* HorseRaceApp.swift in Sources */,
				B9E1220328B3C5C400932AAE /* GameProcessingView.swift in Sources */,
				21ED160D28D215810037CF17 /* ResultView.swift in Sources */,
				21ED161128D216A40037CF17 /* CreditView.swift in Sources */,
			);
			runOnlyForDeploymentPostprocessing = 0;
		};
		3296D0B12892BDE4001C1847 /* Sources */ = {
			isa = PBXSourcesBuildPhase;
			buildActionMask = 2147483647;
			files = (
				3296D0BA2892BDE4001C1847 /* HorseRaceTests.swift in Sources */,
			);
			runOnlyForDeploymentPostprocessing = 0;
		};
		3296D0BB2892BDE4001C1847 /* Sources */ = {
			isa = PBXSourcesBuildPhase;
			buildActionMask = 2147483647;
			files = (
				3296D0C42892BDE4001C1847 /* HorseRaceUITests.swift in Sources */,
				3296D0C62892BDE4001C1847 /* HorseRaceUITestsLaunchTests.swift in Sources */,
			);
			runOnlyForDeploymentPostprocessing = 0;
		};
/* End PBXSourcesBuildPhase section */

/* Begin PBXTargetDependency section */
		3296D0B72892BDE4001C1847 /* PBXTargetDependency */ = {
			isa = PBXTargetDependency;
			target = 3296D0A42892BDE3001C1847 /* HorseRace */;
			targetProxy = 3296D0B62892BDE4001C1847 /* PBXContainerItemProxy */;
		};
		3296D0C12892BDE4001C1847 /* PBXTargetDependency */ = {
			isa = PBXTargetDependency;
			target = 3296D0A42892BDE3001C1847 /* HorseRace */;
			targetProxy = 3296D0C02892BDE4001C1847 /* PBXContainerItemProxy */;
		};
/* End PBXTargetDependency section */

/* Begin XCBuildConfiguration section */
		3296D0C72892BDE4001C1847 /* Debug */ = {
			isa = XCBuildConfiguration;
			buildSettings = {
				ALWAYS_SEARCH_USER_PATHS = NO;
				CLANG_ANALYZER_NONNULL = YES;
				CLANG_ANALYZER_NUMBER_OBJECT_CONVERSION = YES_AGGRESSIVE;
				CLANG_CXX_LANGUAGE_STANDARD = "gnu++17";
				CLANG_ENABLE_MODULES = YES;
				CLANG_ENABLE_OBJC_ARC = YES;
				CLANG_ENABLE_OBJC_WEAK = YES;
				CLANG_WARN_BLOCK_CAPTURE_AUTORELEASING = YES;
				CLANG_WARN_BOOL_CONVERSION = YES;
				CLANG_WARN_COMMA = YES;
				CLANG_WARN_CONSTANT_CONVERSION = YES;
				CLANG_WARN_DEPRECATED_OBJC_IMPLEMENTATIONS = YES;
				CLANG_WARN_DIRECT_OBJC_ISA_USAGE = YES_ERROR;
				CLANG_WARN_DOCUMENTATION_COMMENTS = YES;
				CLANG_WARN_EMPTY_BODY = YES;
				CLANG_WARN_ENUM_CONVERSION = YES;
				CLANG_WARN_INFINITE_RECURSION = YES;
				CLANG_WARN_INT_CONVERSION = YES;
				CLANG_WARN_NON_LITERAL_NULL_CONVERSION = YES;
				CLANG_WARN_OBJC_IMPLICIT_RETAIN_SELF = YES;
				CLANG_WARN_OBJC_LITERAL_CONVERSION = YES;
				CLANG_WARN_OBJC_ROOT_CLASS = YES_ERROR;
				CLANG_WARN_QUOTED_INCLUDE_IN_FRAMEWORK_HEADER = YES;
				CLANG_WARN_RANGE_LOOP_ANALYSIS = YES;
				CLANG_WARN_STRICT_PROTOTYPES = YES;
				CLANG_WARN_SUSPICIOUS_MOVE = YES;
				CLANG_WARN_UNGUARDED_AVAILABILITY = YES_AGGRESSIVE;
				CLANG_WARN_UNREACHABLE_CODE = YES;
				CLANG_WARN__DUPLICATE_METHOD_MATCH = YES;
				COPY_PHASE_STRIP = NO;
				DEBUG_INFORMATION_FORMAT = dwarf;
				ENABLE_STRICT_OBJC_MSGSEND = YES;
				ENABLE_TESTABILITY = YES;
				GCC_C_LANGUAGE_STANDARD = gnu11;
				GCC_DYNAMIC_NO_PIC = NO;
				GCC_NO_COMMON_BLOCKS = YES;
				GCC_OPTIMIZATION_LEVEL = 0;
				GCC_PREPROCESSOR_DEFINITIONS = (
					"DEBUG=1",
					"$(inherited)",
				);
				GCC_WARN_64_TO_32_BIT_CONVERSION = YES;
				GCC_WARN_ABOUT_RETURN_TYPE = YES_ERROR;
				GCC_WARN_UNDECLARED_SELECTOR = YES;
				GCC_WARN_UNINITIALIZED_AUTOS = YES_AGGRESSIVE;
				GCC_WARN_UNUSED_FUNCTION = YES;
				GCC_WARN_UNUSED_VARIABLE = YES;
				IPHONEOS_DEPLOYMENT_TARGET = 15.5;
				MTL_ENABLE_DEBUG_INFO = INCLUDE_SOURCE;
				MTL_FAST_MATH = YES;
				ONLY_ACTIVE_ARCH = YES;
				SDKROOT = iphoneos;
				SWIFT_ACTIVE_COMPILATION_CONDITIONS = DEBUG;
				SWIFT_OPTIMIZATION_LEVEL = "-Onone";
			};
			name = Debug;
		};
		3296D0C82892BDE4001C1847 /* Release */ = {
			isa = XCBuildConfiguration;
			buildSettings = {
				ALWAYS_SEARCH_USER_PATHS = NO;
				CLANG_ANALYZER_NONNULL = YES;
				CLANG_ANALYZER_NUMBER_OBJECT_CONVERSION = YES_AGGRESSIVE;
				CLANG_CXX_LANGUAGE_STANDARD = "gnu++17";
				CLANG_ENABLE_MODULES = YES;
				CLANG_ENABLE_OBJC_ARC = YES;
				CLANG_ENABLE_OBJC_WEAK = YES;
				CLANG_WARN_BLOCK_CAPTURE_AUTORELEASING = YES;
				CLANG_WARN_BOOL_CONVERSION = YES;
				CLANG_WARN_COMMA = YES;
				CLANG_WARN_CONSTANT_CONVERSION = YES;
				CLANG_WARN_DEPRECATED_OBJC_IMPLEMENTATIONS = YES;
				CLANG_WARN_DIRECT_OBJC_ISA_USAGE = YES_ERROR;
				CLANG_WARN_DOCUMENTATION_COMMENTS = YES;
				CLANG_WARN_EMPTY_BODY = YES;
				CLANG_WARN_ENUM_CONVERSION = YES;
				CLANG_WARN_INFINITE_RECURSION = YES;
				CLANG_WARN_INT_CONVERSION = YES;
				CLANG_WARN_NON_LITERAL_NULL_CONVERSION = YES;
				CLANG_WARN_OBJC_IMPLICIT_RETAIN_SELF = YES;
				CLANG_WARN_OBJC_LITERAL_CONVERSION = YES;
				CLANG_WARN_OBJC_ROOT_CLASS = YES_ERROR;
				CLANG_WARN_QUOTED_INCLUDE_IN_FRAMEWORK_HEADER = YES;
				CLANG_WARN_RANGE_LOOP_ANALYSIS = YES;
				CLANG_WARN_STRICT_PROTOTYPES = YES;
				CLANG_WARN_SUSPICIOUS_MOVE = YES;
				CLANG_WARN_UNGUARDED_AVAILABILITY = YES_AGGRESSIVE;
				CLANG_WARN_UNREACHABLE_CODE = YES;
				CLANG_WARN__DUPLICATE_METHOD_MATCH = YES;
				COPY_PHASE_STRIP = NO;
				DEBUG_INFORMATION_FORMAT = "dwarf-with-dsym";
				ENABLE_NS_ASSERTIONS = NO;
				ENABLE_STRICT_OBJC_MSGSEND = YES;
				GCC_C_LANGUAGE_STANDARD = gnu11;
				GCC_NO_COMMON_BLOCKS = YES;
				GCC_WARN_64_TO_32_BIT_CONVERSION = YES;
				GCC_WARN_ABOUT_RETURN_TYPE = YES_ERROR;
				GCC_WARN_UNDECLARED_SELECTOR = YES;
				GCC_WARN_UNINITIALIZED_AUTOS = YES_AGGRESSIVE;
				GCC_WARN_UNUSED_FUNCTION = YES;
				GCC_WARN_UNUSED_VARIABLE = YES;
				IPHONEOS_DEPLOYMENT_TARGET = 15.5;
				MTL_ENABLE_DEBUG_INFO = NO;
				MTL_FAST_MATH = YES;
				SDKROOT = iphoneos;
				SWIFT_COMPILATION_MODE = wholemodule;
				SWIFT_OPTIMIZATION_LEVEL = "-O";
				VALIDATE_PRODUCT = YES;
			};
			name = Release;
		};
		3296D0CA2892BDE4001C1847 /* Debug */ = {
			isa = XCBuildConfiguration;
			buildSettings = {
				ASSETCATALOG_COMPILER_APPICON_NAME = AppIcon;
				ASSETCATALOG_COMPILER_GLOBAL_ACCENT_COLOR_NAME = AccentColor;
				CODE_SIGN_STYLE = Automatic;
				CURRENT_PROJECT_VERSION = 1;
				DEVELOPMENT_ASSET_PATHS = "\"HorseRace/Preview Content\"";
				DEVELOPMENT_TEAM = "";
				ENABLE_PREVIEWS = YES;
				GENERATE_INFOPLIST_FILE = YES;
				INFOPLIST_KEY_CFBundleDisplayName = "내가사마";
				INFOPLIST_KEY_UIApplicationSceneManifest_Generation = YES;
				INFOPLIST_KEY_UIApplicationSupportsIndirectInputEvents = YES;
				INFOPLIST_KEY_UILaunchScreen_Generation = YES;
				INFOPLIST_KEY_UILaunchStoryboardName = "Launch Screen.storyboard";
				INFOPLIST_KEY_UISupportedInterfaceOrientations_iPad = "UIInterfaceOrientationPortrait UIInterfaceOrientationPortraitUpsideDown UIInterfaceOrientationLandscapeLeft UIInterfaceOrientationLandscapeRight";
				INFOPLIST_KEY_UISupportedInterfaceOrientations_iPhone = "UIInterfaceOrientationLandscapeLeft UIInterfaceOrientationLandscapeRight";
				IPHONEOS_DEPLOYMENT_TARGET = 15.0;
				LD_RUNPATH_SEARCH_PATHS = (
					"$(inherited)",
					"@executable_path/Frameworks",
				);
				MARKETING_VERSION = 1.0;
				PRODUCT_BUNDLE_IDENTIFIER = com.changBro.HorseRace;
				PRODUCT_NAME = "$(TARGET_NAME)";
				SWIFT_EMIT_LOC_STRINGS = YES;
				SWIFT_VERSION = 5.0;
				TARGETED_DEVICE_FAMILY = "1,2";
			};
			name = Debug;
		};
		3296D0CB2892BDE4001C1847 /* Release */ = {
			isa = XCBuildConfiguration;
			buildSettings = {
				ASSETCATALOG_COMPILER_APPICON_NAME = AppIcon;
				ASSETCATALOG_COMPILER_GLOBAL_ACCENT_COLOR_NAME = AccentColor;
				CODE_SIGN_STYLE = Automatic;
				CURRENT_PROJECT_VERSION = 1;
				DEVELOPMENT_ASSET_PATHS = "\"HorseRace/Preview Content\"";
				DEVELOPMENT_TEAM = "";
				ENABLE_PREVIEWS = YES;
				GENERATE_INFOPLIST_FILE = YES;
				INFOPLIST_KEY_CFBundleDisplayName = "내가사마";
				INFOPLIST_KEY_UIApplicationSceneManifest_Generation = YES;
				INFOPLIST_KEY_UIApplicationSupportsIndirectInputEvents = YES;
				INFOPLIST_KEY_UILaunchScreen_Generation = YES;
				INFOPLIST_KEY_UILaunchStoryboardName = "Launch Screen.storyboard";
				INFOPLIST_KEY_UISupportedInterfaceOrientations_iPad = "UIInterfaceOrientationPortrait UIInterfaceOrientationPortraitUpsideDown UIInterfaceOrientationLandscapeLeft UIInterfaceOrientationLandscapeRight";
				INFOPLIST_KEY_UISupportedInterfaceOrientations_iPhone = "UIInterfaceOrientationLandscapeLeft UIInterfaceOrientationLandscapeRight";
				IPHONEOS_DEPLOYMENT_TARGET = 15.0;
				LD_RUNPATH_SEARCH_PATHS = (
					"$(inherited)",
					"@executable_path/Frameworks",
				);
				MARKETING_VERSION = 1.0;
				PRODUCT_BUNDLE_IDENTIFIER = com.changBro.HorseRace;
				PRODUCT_NAME = "$(TARGET_NAME)";
				SWIFT_EMIT_LOC_STRINGS = YES;
				SWIFT_VERSION = 5.0;
				TARGETED_DEVICE_FAMILY = "1,2";
			};
			name = Release;
		};
		3296D0CD2892BDE4001C1847 /* Debug */ = {
			isa = XCBuildConfiguration;
			buildSettings = {
				ALWAYS_EMBED_SWIFT_STANDARD_LIBRARIES = YES;
				BUNDLE_LOADER = "$(TEST_HOST)";
				CODE_SIGN_STYLE = Automatic;
				CURRENT_PROJECT_VERSION = 1;
				DEVELOPMENT_TEAM = FRZRS5Y9L6;
				GENERATE_INFOPLIST_FILE = YES;
				IPHONEOS_DEPLOYMENT_TARGET = 15.5;
				MARKETING_VERSION = 1.0;
				PRODUCT_BUNDLE_IDENTIFIER = com.changBro.HorseRaceTests;
				PRODUCT_NAME = "$(TARGET_NAME)";
				SWIFT_EMIT_LOC_STRINGS = NO;
				SWIFT_VERSION = 5.0;
				TARGETED_DEVICE_FAMILY = "1,2";
				TEST_HOST = "$(BUILT_PRODUCTS_DIR)/HorseRace.app/HorseRace";
			};
			name = Debug;
		};
		3296D0CE2892BDE4001C1847 /* Release */ = {
			isa = XCBuildConfiguration;
			buildSettings = {
				ALWAYS_EMBED_SWIFT_STANDARD_LIBRARIES = YES;
				BUNDLE_LOADER = "$(TEST_HOST)";
				CODE_SIGN_STYLE = Automatic;
				CURRENT_PROJECT_VERSION = 1;
				DEVELOPMENT_TEAM = FRZRS5Y9L6;
				GENERATE_INFOPLIST_FILE = YES;
				IPHONEOS_DEPLOYMENT_TARGET = 15.5;
				MARKETING_VERSION = 1.0;
				PRODUCT_BUNDLE_IDENTIFIER = com.changBro.HorseRaceTests;
				PRODUCT_NAME = "$(TARGET_NAME)";
				SWIFT_EMIT_LOC_STRINGS = NO;
				SWIFT_VERSION = 5.0;
				TARGETED_DEVICE_FAMILY = "1,2";
				TEST_HOST = "$(BUILT_PRODUCTS_DIR)/HorseRace.app/HorseRace";
			};
			name = Release;
		};
		3296D0D02892BDE4001C1847 /* Debug */ = {
			isa = XCBuildConfiguration;
			buildSettings = {
				ALWAYS_EMBED_SWIFT_STANDARD_LIBRARIES = YES;
				CODE_SIGN_STYLE = Automatic;
				CURRENT_PROJECT_VERSION = 1;
				DEVELOPMENT_TEAM = FRZRS5Y9L6;
				GENERATE_INFOPLIST_FILE = YES;
				MARKETING_VERSION = 1.0;
				PRODUCT_BUNDLE_IDENTIFIER = com.changBro.HorseRaceUITests;
				PRODUCT_NAME = "$(TARGET_NAME)";
				SWIFT_EMIT_LOC_STRINGS = NO;
				SWIFT_VERSION = 5.0;
				TARGETED_DEVICE_FAMILY = "1,2";
				TEST_TARGET_NAME = HorseRace;
			};
			name = Debug;
		};
		3296D0D12892BDE4001C1847 /* Release */ = {
			isa = XCBuildConfiguration;
			buildSettings = {
				ALWAYS_EMBED_SWIFT_STANDARD_LIBRARIES = YES;
				CODE_SIGN_STYLE = Automatic;
				CURRENT_PROJECT_VERSION = 1;
				DEVELOPMENT_TEAM = FRZRS5Y9L6;
				GENERATE_INFOPLIST_FILE = YES;
				MARKETING_VERSION = 1.0;
				PRODUCT_BUNDLE_IDENTIFIER = com.changBro.HorseRaceUITests;
				PRODUCT_NAME = "$(TARGET_NAME)";
				SWIFT_EMIT_LOC_STRINGS = NO;
				SWIFT_VERSION = 5.0;
				TARGETED_DEVICE_FAMILY = "1,2";
				TEST_TARGET_NAME = HorseRace;
			};
			name = Release;
		};
/* End XCBuildConfiguration section */

/* Begin XCConfigurationList section */
		3296D0A02892BDE3001C1847 /* Build configuration list for PBXProject "HorseRace" */ = {
			isa = XCConfigurationList;
			buildConfigurations = (
				3296D0C72892BDE4001C1847 /* Debug */,
				3296D0C82892BDE4001C1847 /* Release */,
			);
			defaultConfigurationIsVisible = 0;
			defaultConfigurationName = Release;
		};
		3296D0C92892BDE4001C1847 /* Build configuration list for PBXNativeTarget "HorseRace" */ = {
			isa = XCConfigurationList;
			buildConfigurations = (
				3296D0CA2892BDE4001C1847 /* Debug */,
				3296D0CB2892BDE4001C1847 /* Release */,
			);
			defaultConfigurationIsVisible = 0;
			defaultConfigurationName = Release;
		};
		3296D0CC2892BDE4001C1847 /* Build configuration list for PBXNativeTarget "HorseRaceTests" */ = {
			isa = XCConfigurationList;
			buildConfigurations = (
				3296D0CD2892BDE4001C1847 /* Debug */,
				3296D0CE2892BDE4001C1847 /* Release */,
			);
			defaultConfigurationIsVisible = 0;
			defaultConfigurationName = Release;
		};
		3296D0CF2892BDE4001C1847 /* Build configuration list for PBXNativeTarget "HorseRaceUITests" */ = {
			isa = XCConfigurationList;
			buildConfigurations = (
				3296D0D02892BDE4001C1847 /* Debug */,
				3296D0D12892BDE4001C1847 /* Release */,
			);
			defaultConfigurationIsVisible = 0;
			defaultConfigurationName = Release;
		};
/* End XCConfigurationList section */
	};
	rootObject = 3296D09D2892BDE3001C1847 /* Project object */;
}
